
Microsoft Visual Studio Solution File, Format Version 12.00
# Visual Studio 15
VisualStudioVersion = 15.0.28307.421
MinimumVisualStudioVersion = 10.0.40219.1
Project("{FAE04EC0-301F-11D3-BF4B-00C04F79EFBC}") = "RESTApplication", "RESTApplication\RESTApplication.csproj", "{1E39AAFE-5A85-49F5-AC84-99F7621236C6}"
EndProject
Global
	GlobalSection(SolutionConfigurationPlatforms) = preSolution
		Debug|Any CPU = Debug|Any CPU
		Release|Any CPU = Release|Any CPU
	EndGlobalSection
	GlobalSection(ProjectConfigurationPlatforms) = postSolution
		{1E39AAFE-5A85-49F5-AC84-99F7621236C6}.Debug|Any CPU.ActiveCfg = Debug|Any CPU
		{1E39AAFE-5A85-49F5-AC84-99F7621236C6}.Debug|Any CPU.Build.0 = Debug|Any CPU
		{1E39AAFE-5A85-49F5-AC84-99F7621236C6}.Release|Any CPU.ActiveCfg = Release|Any CPU
		{1E39AAFE-5A85-49F5-AC84-99F7621236C6}.Release|Any CPU.Build.0 = Release|Any CPU
	EndGlobalSection
	GlobalSection(SolutionProperties) = preSolution
		HideSolutionNode = FALSE
	EndGlobalSection
	GlobalSection(ExtensibilityGlobals) = postSolution
		SolutionGuid = {5274ED27-95BD-480F-89E7-353382C8504B}
	EndGlobalSection
EndGlobal
